
Microsoft Visual Studio Solution File, Format Version 12.00
# Visual Studio 15
VisualStudioVersion = 15.0.27428.2011
MinimumVisualStudioVersion = 10.0.40219.1
Project("{FAE04EC0-301F-11D3-BF4B-00C04F79EFBC}") = "ХанойскиеБашни", "ХанойскиеБашни\ХанойскиеБашни.csproj", "{B4D6007A-3959-43DD-808F-F7EEB6457C75}"
EndProject
Global
	GlobalSection(SolutionConfigurationPlatforms) = preSolution
		Debug|Any CPU = Debug|Any CPU
		Release|Any CPU = Release|Any CPU
	EndGlobalSection
	GlobalSection(ProjectConfigurationPlatforms) = postSolution
		{B4D6007A-3959-43DD-808F-F7EEB6457C75}.Debug|Any CPU.ActiveCfg = Debug|Any CPU
		{B4D6007A-3959-43DD-808F-F7EEB6457C75}.Debug|Any CPU.Build.0 = Debug|Any CPU
		{B4D6007A-3959-43DD-808F-F7EEB6457C75}.Release|Any CPU.ActiveCfg = Release|Any CPU
		{B4D6007A-3959-43DD-808F-F7EEB6457C75}.Release|Any CPU.Build.0 = Release|Any CPU
	EndGlobalSection
	GlobalSection(SolutionProperties) = preSolution
		HideSolutionNode = FALSE
	EndGlobalSection
	GlobalSection(ExtensibilityGlobals) = postSolution
		SolutionGuid = {D6688EEB-F10A-47D7-A3A4-C0A06C31A81F}
	EndGlobalSection
EndGlobal
